// !$*UTF8*$!
{
	archiveVersion = 1;
	classes = {
	};
	objectVersion = 46;
	objects = {

/* Begin PBXBuildFile section */
		108C923C48624DD9AFE29E20 /* Raleway-LightItalic.ttf in Resources */ = {isa = PBXBuildFile; fileRef = 617796A4005841FE93210F83 /* Raleway-LightItalic.ttf */; };
		13B07FBC1A68108700A75B9A /* AppDelegate.m in Sources */ = {isa = PBXBuildFile; fileRef = 13B07FB01A68108700A75B9A /* AppDelegate.m */; };
		13B07FBD1A68108700A75B9A /* LaunchScreen.xib in Resources */ = {isa = PBXBuildFile; fileRef = 13B07FB11A68108700A75B9A /* LaunchScreen.xib */; };
		13B07FBF1A68108700A75B9A /* Images.xcassets in Resources */ = {isa = PBXBuildFile; fileRef = 13B07FB51A68108700A75B9A /* Images.xcassets */; };
		13B07FC11A68108700A75B9A /* main.m in Sources */ = {isa = PBXBuildFile; fileRef = 13B07FB71A68108700A75B9A /* main.m */; };
		17C53AC975984C19B0056BD5 /* Raleway-Black.ttf in Resources */ = {isa = PBXBuildFile; fileRef = 3BD6B88EF1B447ADBB148090 /* Raleway-Black.ttf */; };
		573BA7271F6E416CBFD05D8E /* Raleway-ExtraLightItalic.ttf in Resources */ = {isa = PBXBuildFile; fileRef = 53D5AAFCA1274214AA8C730A /* Raleway-ExtraLightItalic.ttf */; };
		76A8675458C6428BB5696E4B /* Raleway-BoldItalic.ttf in Resources */ = {isa = PBXBuildFile; fileRef = FAB0C9E3B24348F19C939FFB /* Raleway-BoldItalic.ttf */; };
		7E9FF4DE707540F58046B03C /* Raleway-Thin.ttf in Resources */ = {isa = PBXBuildFile; fileRef = 12A91DDE4F5F493AAF8CC411 /* Raleway-Thin.ttf */; };
		8DC0B41A168E45DCAC9FF856 /* Raleway-MediumItalic.ttf in Resources */ = {isa = PBXBuildFile; fileRef = 321EF13096E54AA9A8F23A3E /* Raleway-MediumItalic.ttf */; };
		AE1BC068236881CA00FA12B3 /* StreetClue Icon in Resources */ = {isa = PBXBuildFile; fileRef = AE1BC067236881CA00FA12B3 /* StreetClue Icon */; };
		AE31FBC32369BBDF005A930F /* logo-transparent.png in Resources */ = {isa = PBXBuildFile; fileRef = AE31FBC22369BBDF005A930F /* logo-transparent.png */; };
		AF6214D9C36A43529071AAA5 /* Raleway-Regular.ttf in Resources */ = {isa = PBXBuildFile; fileRef = 1B01FE01914746BDB0305FFC /* Raleway-Regular.ttf */; };
		B4F2524208BD4F83802F1738 /* Raleway-Italic.ttf in Resources */ = {isa = PBXBuildFile; fileRef = B1F9CDD84E3D480695CCD9BD /* Raleway-Italic.ttf */; };
		B5AAF2B232284A2881AD7531 /* Raleway-SemiBold.ttf in Resources */ = {isa = PBXBuildFile; fileRef = 8A057600245A46B58F0C00B6 /* Raleway-SemiBold.ttf */; };
		BE273C4212094647B4EA0F18 /* Raleway-SemiBoldItalic.ttf in Resources */ = {isa = PBXBuildFile; fileRef = 178AA01D0BA54591B8F47B67 /* Raleway-SemiBoldItalic.ttf */; };
		C58249836C7A4D61BF76EADF /* Raleway-ExtraBoldItalic.ttf in Resources */ = {isa = PBXBuildFile; fileRef = A6EA790E55134B71B4941023 /* Raleway-ExtraBoldItalic.ttf */; };
		C621F696F7C643398F92D3B8 /* Raleway-ExtraLight.ttf in Resources */ = {isa = PBXBuildFile; fileRef = 42570A1116FF4802A3728F98 /* Raleway-ExtraLight.ttf */; };
		CBFF6D5C92B74ED9BCB77A81 /* Raleway-Bold.ttf in Resources */ = {isa = PBXBuildFile; fileRef = E4651BE64B0947819DB99150 /* Raleway-Bold.ttf */; };
		D2E4AFC1F72C807F1769BF1A /* libPods-StreetClues.a in Frameworks */ = {isa = PBXBuildFile; fileRef = 4683215B088A202AFC6BE7AE /* libPods-StreetClues.a */; };
		D62EA7BA29474591B256AA2B /* Raleway-Medium.ttf in Resources */ = {isa = PBXBuildFile; fileRef = EDC2B8E8AF034E4483F4DC4F /* Raleway-Medium.ttf */; };
		DDB156CFBE7142B5B1B19A54 /* Raleway-BlackItalic.ttf in Resources */ = {isa = PBXBuildFile; fileRef = 8BBD9DCE4CFB413DA97FE467 /* Raleway-BlackItalic.ttf */; };
		E17239EDE86C4A0486AECAD4 /* Raleway-Light.ttf in Resources */ = {isa = PBXBuildFile; fileRef = 1AD1EDD299054969AA5DE03F /* Raleway-Light.ttf */; };
		E8F394ABBB9947E185EF8C5B /* Raleway-ExtraBold.ttf in Resources */ = {isa = PBXBuildFile; fileRef = 569CBB21CC844045829819F2 /* Raleway-ExtraBold.ttf */; };
		EA0A6ECB9AB54C608A8E563A /* Raleway-ThinItalic.ttf in Resources */ = {isa = PBXBuildFile; fileRef = 009FBCB1B6F44F41BE55BD84 /* Raleway-ThinItalic.ttf */; };
/* End PBXBuildFile section */

/* Begin PBXFileReference section */
		008F07F21AC5B25A0029DE68 /* main.jsbundle */ = {isa = PBXFileReference; fileEncoding = 4; lastKnownFileType = text; path = main.jsbundle; sourceTree = "<group>"; };
		009FBCB1B6F44F41BE55BD84 /* Raleway-ThinItalic.ttf */ = {isa = PBXFileReference; explicitFileType = undefined; fileEncoding = 9; includeInIndex = 0; lastKnownFileType = unknown; name = "Raleway-ThinItalic.ttf"; path = "../assets/fonts/Raleway/Raleway-ThinItalic.ttf"; sourceTree = "<group>"; };
		12A91DDE4F5F493AAF8CC411 /* Raleway-Thin.ttf */ = {isa = PBXFileReference; explicitFileType = undefined; fileEncoding = 9; includeInIndex = 0; lastKnownFileType = unknown; name = "Raleway-Thin.ttf"; path = "../assets/fonts/Raleway/Raleway-Thin.ttf"; sourceTree = "<group>"; };
		13B07F961A680F5B00A75B9A /* StreetClues.app */ = {isa = PBXFileReference; explicitFileType = wrapper.application; includeInIndex = 0; path = StreetClues.app; sourceTree = BUILT_PRODUCTS_DIR; };
		13B07FAF1A68108700A75B9A /* AppDelegate.h */ = {isa = PBXFileReference; fileEncoding = 4; lastKnownFileType = sourcecode.c.h; name = AppDelegate.h; path = test3and/AppDelegate.h; sourceTree = "<group>"; };
		13B07FB01A68108700A75B9A /* AppDelegate.m */ = {isa = PBXFileReference; fileEncoding = 4; lastKnownFileType = sourcecode.c.objc; name = AppDelegate.m; path = test3and/AppDelegate.m; sourceTree = "<group>"; };
		13B07FB21A68108700A75B9A /* Base */ = {isa = PBXFileReference; lastKnownFileType = file.xib; name = Base; path = Base.lproj/LaunchScreen.xib; sourceTree = "<group>"; };
		13B07FB51A68108700A75B9A /* Images.xcassets */ = {isa = PBXFileReference; lastKnownFileType = folder.assetcatalog; name = Images.xcassets; path = test3and/Images.xcassets; sourceTree = "<group>"; };
		13B07FB61A68108700A75B9A /* Info.plist */ = {isa = PBXFileReference; fileEncoding = 4; lastKnownFileType = text.plist.xml; name = Info.plist; path = test3and/Info.plist; sourceTree = "<group>"; };
		13B07FB71A68108700A75B9A /* main.m */ = {isa = PBXFileReference; fileEncoding = 4; lastKnownFileType = sourcecode.c.objc; name = main.m; path = test3and/main.m; sourceTree = "<group>"; };
		178AA01D0BA54591B8F47B67 /* Raleway-SemiBoldItalic.ttf */ = {isa = PBXFileReference; explicitFileType = undefined; fileEncoding = 9; includeInIndex = 0; lastKnownFileType = unknown; name = "Raleway-SemiBoldItalic.ttf"; path = "../assets/fonts/Raleway/Raleway-SemiBoldItalic.ttf"; sourceTree = "<group>"; };
		1AD1EDD299054969AA5DE03F /* Raleway-Light.ttf */ = {isa = PBXFileReference; explicitFileType = undefined; fileEncoding = 9; includeInIndex = 0; lastKnownFileType = unknown; name = "Raleway-Light.ttf"; path = "../assets/fonts/Raleway/Raleway-Light.ttf"; sourceTree = "<group>"; };
		1B01FE01914746BDB0305FFC /* Raleway-Regular.ttf */ = {isa = PBXFileReference; explicitFileType = undefined; fileEncoding = 9; includeInIndex = 0; lastKnownFileType = unknown; name = "Raleway-Regular.ttf"; path = "../assets/fonts/Raleway/Raleway-Regular.ttf"; sourceTree = "<group>"; };
		23ECDEC434C5D284ED72DC68 /* Pods-test3and.debug.xcconfig */ = {isa = PBXFileReference; includeInIndex = 1; lastKnownFileType = text.xcconfig; name = "Pods-test3and.debug.xcconfig"; path = "Target Support Files/Pods-test3and/Pods-test3and.debug.xcconfig"; sourceTree = "<group>"; };
		2D16E6891FA4F8E400B85C8A /* libReact.a */ = {isa = PBXFileReference; explicitFileType = archive.ar; path = libReact.a; sourceTree = BUILT_PRODUCTS_DIR; };
		321EF13096E54AA9A8F23A3E /* Raleway-MediumItalic.ttf */ = {isa = PBXFileReference; explicitFileType = undefined; fileEncoding = 9; includeInIndex = 0; lastKnownFileType = unknown; name = "Raleway-MediumItalic.ttf"; path = "../assets/fonts/Raleway/Raleway-MediumItalic.ttf"; sourceTree = "<group>"; };
		3BD6B88EF1B447ADBB148090 /* Raleway-Black.ttf */ = {isa = PBXFileReference; explicitFileType = undefined; fileEncoding = 9; includeInIndex = 0; lastKnownFileType = unknown; name = "Raleway-Black.ttf"; path = "../assets/fonts/Raleway/Raleway-Black.ttf"; sourceTree = "<group>"; };
		42570A1116FF4802A3728F98 /* Raleway-ExtraLight.ttf */ = {isa = PBXFileReference; explicitFileType = undefined; fileEncoding = 9; includeInIndex = 0; lastKnownFileType = unknown; name = "Raleway-ExtraLight.ttf"; path = "../assets/fonts/Raleway/Raleway-ExtraLight.ttf"; sourceTree = "<group>"; };
		4683215B088A202AFC6BE7AE /* libPods-StreetClues.a */ = {isa = PBXFileReference; explicitFileType = archive.ar; includeInIndex = 0; path = "libPods-StreetClues.a"; sourceTree = BUILT_PRODUCTS_DIR; };
		53D5AAFCA1274214AA8C730A /* Raleway-ExtraLightItalic.ttf */ = {isa = PBXFileReference; explicitFileType = undefined; fileEncoding = 9; includeInIndex = 0; lastKnownFileType = unknown; name = "Raleway-ExtraLightItalic.ttf"; path = "../assets/fonts/Raleway/Raleway-ExtraLightItalic.ttf"; sourceTree = "<group>"; };
		569CBB21CC844045829819F2 /* Raleway-ExtraBold.ttf */ = {isa = PBXFileReference; explicitFileType = undefined; fileEncoding = 9; includeInIndex = 0; lastKnownFileType = unknown; name = "Raleway-ExtraBold.ttf"; path = "../assets/fonts/Raleway/Raleway-ExtraBold.ttf"; sourceTree = "<group>"; };
		617796A4005841FE93210F83 /* Raleway-LightItalic.ttf */ = {isa = PBXFileReference; explicitFileType = undefined; fileEncoding = 9; includeInIndex = 0; lastKnownFileType = unknown; name = "Raleway-LightItalic.ttf"; path = "../assets/fonts/Raleway/Raleway-LightItalic.ttf"; sourceTree = "<group>"; };
		6240E888785A3486B09C433F /* Pods-StreetClues.debug.xcconfig */ = {isa = PBXFileReference; includeInIndex = 1; lastKnownFileType = text.xcconfig; name = "Pods-StreetClues.debug.xcconfig"; path = "Target Support Files/Pods-StreetClues/Pods-StreetClues.debug.xcconfig"; sourceTree = "<group>"; };
		84300C95557465C73AEF7857 /* Pods-StreetClues.release.xcconfig */ = {isa = PBXFileReference; includeInIndex = 1; lastKnownFileType = text.xcconfig; name = "Pods-StreetClues.release.xcconfig"; path = "Target Support Files/Pods-StreetClues/Pods-StreetClues.release.xcconfig"; sourceTree = "<group>"; };
		8A057600245A46B58F0C00B6 /* Raleway-SemiBold.ttf */ = {isa = PBXFileReference; explicitFileType = undefined; fileEncoding = 9; includeInIndex = 0; lastKnownFileType = unknown; name = "Raleway-SemiBold.ttf"; path = "../assets/fonts/Raleway/Raleway-SemiBold.ttf"; sourceTree = "<group>"; };
		8BBD9DCE4CFB413DA97FE467 /* Raleway-BlackItalic.ttf */ = {isa = PBXFileReference; explicitFileType = undefined; fileEncoding = 9; includeInIndex = 0; lastKnownFileType = unknown; name = "Raleway-BlackItalic.ttf"; path = "../assets/fonts/Raleway/Raleway-BlackItalic.ttf"; sourceTree = "<group>"; };
		8E213FCEC2DC5F247F77C0E8 /* Pods-test3and.release.xcconfig */ = {isa = PBXFileReference; includeInIndex = 1; lastKnownFileType = text.xcconfig; name = "Pods-test3and.release.xcconfig"; path = "Target Support Files/Pods-test3and/Pods-test3and.release.xcconfig"; sourceTree = "<group>"; };
		A6EA790E55134B71B4941023 /* Raleway-ExtraBoldItalic.ttf */ = {isa = PBXFileReference; explicitFileType = undefined; fileEncoding = 9; includeInIndex = 0; lastKnownFileType = unknown; name = "Raleway-ExtraBoldItalic.ttf"; path = "../assets/fonts/Raleway/Raleway-ExtraBoldItalic.ttf"; sourceTree = "<group>"; };
		AE1BC067236881CA00FA12B3 /* StreetClue Icon */ = {isa = PBXFileReference; lastKnownFileType = folder; name = "StreetClue Icon"; path = "../../../../../../../Documents/StreetClue Icon"; sourceTree = "<group>"; };
		AE31FBC22369BBDF005A930F /* logo-transparent.png */ = {isa = PBXFileReference; lastKnownFileType = image.png; name = "logo-transparent.png"; path = "../assets/logo-transparent.png"; sourceTree = "<group>"; };
		B1F9CDD84E3D480695CCD9BD /* Raleway-Italic.ttf */ = {isa = PBXFileReference; explicitFileType = undefined; fileEncoding = 9; includeInIndex = 0; lastKnownFileType = unknown; name = "Raleway-Italic.ttf"; path = "../assets/fonts/Raleway/Raleway-Italic.ttf"; sourceTree = "<group>"; };
		E4651BE64B0947819DB99150 /* Raleway-Bold.ttf */ = {isa = PBXFileReference; explicitFileType = undefined; fileEncoding = 9; includeInIndex = 0; lastKnownFileType = unknown; name = "Raleway-Bold.ttf"; path = "../assets/fonts/Raleway/Raleway-Bold.ttf"; sourceTree = "<group>"; };
		ED297162215061F000B7C4FE /* JavaScriptCore.framework */ = {isa = PBXFileReference; lastKnownFileType = wrapper.framework; name = JavaScriptCore.framework; path = System/Library/Frameworks/JavaScriptCore.framework; sourceTree = SDKROOT; };
		ED2971642150620600B7C4FE /* JavaScriptCore.framework */ = {isa = PBXFileReference; lastKnownFileType = wrapper.framework; name = JavaScriptCore.framework; path = Platforms/AppleTVOS.platform/Developer/SDKs/AppleTVOS12.0.sdk/System/Library/Frameworks/JavaScriptCore.framework; sourceTree = DEVELOPER_DIR; };
		EDC2B8E8AF034E4483F4DC4F /* Raleway-Medium.ttf */ = {isa = PBXFileReference; explicitFileType = undefined; fileEncoding = 9; includeInIndex = 0; lastKnownFileType = unknown; name = "Raleway-Medium.ttf"; path = "../assets/fonts/Raleway/Raleway-Medium.ttf"; sourceTree = "<group>"; };
		FAB0C9E3B24348F19C939FFB /* Raleway-BoldItalic.ttf */ = {isa = PBXFileReference; explicitFileType = undefined; fileEncoding = 9; includeInIndex = 0; lastKnownFileType = unknown; name = "Raleway-BoldItalic.ttf"; path = "../assets/fonts/Raleway/Raleway-BoldItalic.ttf"; sourceTree = "<group>"; };
/* End PBXFileReference section */

/* Begin PBXFrameworksBuildPhase section */
		13B07F8C1A680F5B00A75B9A /* Frameworks */ = {
			isa = PBXFrameworksBuildPhase;
			buildActionMask = 2147483647;
			files = (
				D2E4AFC1F72C807F1769BF1A /* libPods-StreetClues.a in Frameworks */,
			);
			runOnlyForDeploymentPostprocessing = 0;
		};
/* End PBXFrameworksBuildPhase section */

/* Begin PBXGroup section */
		13B07FAE1A68108700A75B9A /* StreetClues */ = {
			isa = PBXGroup;
			children = (
				008F07F21AC5B25A0029DE68 /* main.jsbundle */,
				13B07FAF1A68108700A75B9A /* AppDelegate.h */,
				13B07FB01A68108700A75B9A /* AppDelegate.m */,
				13B07FB51A68108700A75B9A /* Images.xcassets */,
				AE31FBC22369BBDF005A930F /* logo-transparent.png */,
				AE1BC067236881CA00FA12B3 /* StreetClue Icon */,
				13B07FB61A68108700A75B9A /* Info.plist */,
				13B07FB11A68108700A75B9A /* LaunchScreen.xib */,
				13B07FB71A68108700A75B9A /* main.m */,
			);
			name = StreetClues;
			sourceTree = "<group>";
		};
		2D16E6871FA4F8E400B85C8A /* Frameworks */ = {
			isa = PBXGroup;
			children = (
				ED297162215061F000B7C4FE /* JavaScriptCore.framework */,
				ED2971642150620600B7C4FE /* JavaScriptCore.framework */,
				2D16E6891FA4F8E400B85C8A /* libReact.a */,
				4683215B088A202AFC6BE7AE /* libPods-StreetClues.a */,
			);
			name = Frameworks;
			sourceTree = "<group>";
		};
		6AF01D8811FD4928B32FB48C /* Resources */ = {
			isa = PBXGroup;
			children = (
				3BD6B88EF1B447ADBB148090 /* Raleway-Black.ttf */,
				8BBD9DCE4CFB413DA97FE467 /* Raleway-BlackItalic.ttf */,
				E4651BE64B0947819DB99150 /* Raleway-Bold.ttf */,
				FAB0C9E3B24348F19C939FFB /* Raleway-BoldItalic.ttf */,
				569CBB21CC844045829819F2 /* Raleway-ExtraBold.ttf */,
				A6EA790E55134B71B4941023 /* Raleway-ExtraBoldItalic.ttf */,
				42570A1116FF4802A3728F98 /* Raleway-ExtraLight.ttf */,
				53D5AAFCA1274214AA8C730A /* Raleway-ExtraLightItalic.ttf */,
				B1F9CDD84E3D480695CCD9BD /* Raleway-Italic.ttf */,
				1AD1EDD299054969AA5DE03F /* Raleway-Light.ttf */,
				617796A4005841FE93210F83 /* Raleway-LightItalic.ttf */,
				EDC2B8E8AF034E4483F4DC4F /* Raleway-Medium.ttf */,
				321EF13096E54AA9A8F23A3E /* Raleway-MediumItalic.ttf */,
				1B01FE01914746BDB0305FFC /* Raleway-Regular.ttf */,
				8A057600245A46B58F0C00B6 /* Raleway-SemiBold.ttf */,
				178AA01D0BA54591B8F47B67 /* Raleway-SemiBoldItalic.ttf */,
				12A91DDE4F5F493AAF8CC411 /* Raleway-Thin.ttf */,
				009FBCB1B6F44F41BE55BD84 /* Raleway-ThinItalic.ttf */,
			);
			name = Resources;
			sourceTree = "<group>";
		};
		78B70796FA931A705D4D1D95 /* Pods */ = {
			isa = PBXGroup;
			children = (
				23ECDEC434C5D284ED72DC68 /* Pods-test3and.debug.xcconfig */,
				8E213FCEC2DC5F247F77C0E8 /* Pods-test3and.release.xcconfig */,
				6240E888785A3486B09C433F /* Pods-StreetClues.debug.xcconfig */,
				84300C95557465C73AEF7857 /* Pods-StreetClues.release.xcconfig */,
			);
			path = Pods;
			sourceTree = "<group>";
		};
		832341AE1AAA6A7D00B99B32 /* Libraries */ = {
			isa = PBXGroup;
			children = (
			);
			name = Libraries;
			sourceTree = "<group>";
		};
		83CBB9F61A601CBA00E9B192 = {
			isa = PBXGroup;
			children = (
				13B07FAE1A68108700A75B9A /* StreetClues */,
				832341AE1AAA6A7D00B99B32 /* Libraries */,
				83CBBA001A601CBA00E9B192 /* Products */,
				2D16E6871FA4F8E400B85C8A /* Frameworks */,
				78B70796FA931A705D4D1D95 /* Pods */,
				6AF01D8811FD4928B32FB48C /* Resources */,
			);
			indentWidth = 2;
			sourceTree = "<group>";
			tabWidth = 2;
			usesTabs = 0;
		};
		83CBBA001A601CBA00E9B192 /* Products */ = {
			isa = PBXGroup;
			children = (
				13B07F961A680F5B00A75B9A /* StreetClues.app */,
			);
			name = Products;
			sourceTree = "<group>";
		};
/* End PBXGroup section */

/* Begin PBXNativeTarget section */
		13B07F861A680F5B00A75B9A /* StreetClues */ = {
			isa = PBXNativeTarget;
			buildConfigurationList = 13B07F931A680F5B00A75B9A /* Build configuration list for PBXNativeTarget "StreetClues" */;
			buildPhases = (
				16EF80B1DFF13BB1DF03E1A6 /* [CP] Check Pods Manifest.lock */,
				FD4C38642228810C00325AF5 /* Start Packager */,
				13B07F871A680F5B00A75B9A /* Sources */,
				13B07F8C1A680F5B00A75B9A /* Frameworks */,
				13B07F8E1A680F5B00A75B9A /* Resources */,
				00DD1BFF1BD5951E006B06BC /* Bundle React Native code and images */,
				FC821694CCE5A6AD0EE47BF0 /* [CP] Copy Pods Resources */,
			);
			buildRules = (
			);
			dependencies = (
			);
			name = StreetClues;
			productName = "Hello World";
			productReference = 13B07F961A680F5B00A75B9A /* StreetClues.app */;
			productType = "com.apple.product-type.application";
		};
/* End PBXNativeTarget section */

/* Begin PBXProject section */
		83CBB9F71A601CBA00E9B192 /* Project object */ = {
			isa = PBXProject;
			attributes = {
				LastUpgradeCheck = 940;
				ORGANIZATIONNAME = Facebook;
				TargetAttributes = {
					13B07F861A680F5B00A75B9A = {
						DevelopmentTeam = F7GJHC3FUD;
					};
				};
			};
			buildConfigurationList = 83CBB9FA1A601CBA00E9B192 /* Build configuration list for PBXProject "StreetClues" */;
			compatibilityVersion = "Xcode 3.2";
			developmentRegion = English;
			hasScannedForEncodings = 0;
			knownRegions = (
				English,
				en,
				Base,
			);
			mainGroup = 83CBB9F61A601CBA00E9B192;
			productRefGroup = 83CBBA001A601CBA00E9B192 /* Products */;
			projectDirPath = "";
			projectRoot = "";
			targets = (
				13B07F861A680F5B00A75B9A /* StreetClues */,
			);
		};
/* End PBXProject section */

/* Begin PBXResourcesBuildPhase section */
		13B07F8E1A680F5B00A75B9A /* Resources */ = {
			isa = PBXResourcesBuildPhase;
			buildActionMask = 2147483647;
			files = (
				AE1BC068236881CA00FA12B3 /* StreetClue Icon in Resources */,
				13B07FBF1A68108700A75B9A /* Images.xcassets in Resources */,
				13B07FBD1A68108700A75B9A /* LaunchScreen.xib in Resources */,
				AE31FBC32369BBDF005A930F /* logo-transparent.png in Resources */,
				17C53AC975984C19B0056BD5 /* Raleway-Black.ttf in Resources */,
				DDB156CFBE7142B5B1B19A54 /* Raleway-BlackItalic.ttf in Resources */,
				CBFF6D5C92B74ED9BCB77A81 /* Raleway-Bold.ttf in Resources */,
				76A8675458C6428BB5696E4B /* Raleway-BoldItalic.ttf in Resources */,
				E8F394ABBB9947E185EF8C5B /* Raleway-ExtraBold.ttf in Resources */,
				C58249836C7A4D61BF76EADF /* Raleway-ExtraBoldItalic.ttf in Resources */,
				C621F696F7C643398F92D3B8 /* Raleway-ExtraLight.ttf in Resources */,
				573BA7271F6E416CBFD05D8E /* Raleway-ExtraLightItalic.ttf in Resources */,
				B4F2524208BD4F83802F1738 /* Raleway-Italic.ttf in Resources */,
				E17239EDE86C4A0486AECAD4 /* Raleway-Light.ttf in Resources */,
				108C923C48624DD9AFE29E20 /* Raleway-LightItalic.ttf in Resources */,
				D62EA7BA29474591B256AA2B /* Raleway-Medium.ttf in Resources */,
				8DC0B41A168E45DCAC9FF856 /* Raleway-MediumItalic.ttf in Resources */,
				AF6214D9C36A43529071AAA5 /* Raleway-Regular.ttf in Resources */,
				B5AAF2B232284A2881AD7531 /* Raleway-SemiBold.ttf in Resources */,
				BE273C4212094647B4EA0F18 /* Raleway-SemiBoldItalic.ttf in Resources */,
				7E9FF4DE707540F58046B03C /* Raleway-Thin.ttf in Resources */,
				EA0A6ECB9AB54C608A8E563A /* Raleway-ThinItalic.ttf in Resources */,
			);
			runOnlyForDeploymentPostprocessing = 0;
		};
/* End PBXResourcesBuildPhase section */

/* Begin PBXShellScriptBuildPhase section */
		00DD1BFF1BD5951E006B06BC /* Bundle React Native code and images */ = {
			isa = PBXShellScriptBuildPhase;
			buildActionMask = 2147483647;
			files = (
			);
			inputPaths = (
			);
			name = "Bundle React Native code and images";
			outputPaths = (
			);
			runOnlyForDeploymentPostprocessing = 0;
			shellPath = /bin/sh;
			shellScript = "export NODE_BINARY=node\n../node_modules/react-native/scripts/react-native-xcode.sh";
		};
		16EF80B1DFF13BB1DF03E1A6 /* [CP] Check Pods Manifest.lock */ = {
			isa = PBXShellScriptBuildPhase;
			buildActionMask = 2147483647;
			files = (
			);
			inputFileListPaths = (
			);
			inputPaths = (
				"${PODS_PODFILE_DIR_PATH}/Podfile.lock",
				"${PODS_ROOT}/Manifest.lock",
			);
			name = "[CP] Check Pods Manifest.lock";
			outputFileListPaths = (
			);
			outputPaths = (
				"$(DERIVED_FILE_DIR)/Pods-StreetClues-checkManifestLockResult.txt",
			);
			runOnlyForDeploymentPostprocessing = 0;
			shellPath = /bin/sh;
			shellScript = "diff \"${PODS_PODFILE_DIR_PATH}/Podfile.lock\" \"${PODS_ROOT}/Manifest.lock\" > /dev/null\nif [ $? != 0 ] ; then\n    # print error to STDERR\n    echo \"error: The sandbox is not in sync with the Podfile.lock. Run 'pod install' or update your CocoaPods installation.\" >&2\n    exit 1\nfi\n# This output is used by Xcode 'outputs' to avoid re-running this script phase.\necho \"SUCCESS\" > \"${SCRIPT_OUTPUT_FILE_0}\"\n";
			showEnvVarsInLog = 0;
		};
		FC821694CCE5A6AD0EE47BF0 /* [CP] Copy Pods Resources */ = {
			isa = PBXShellScriptBuildPhase;
			buildActionMask = 2147483647;
			files = (
			);
			inputPaths = (
				"${PODS_ROOT}/Target Support Files/Pods-StreetClues/Pods-StreetClues-resources.sh",
				"${PODS_ROOT}/GoogleMaps/Maps/Frameworks/GoogleMaps.framework/Resources/GoogleMaps.bundle",
			);
			name = "[CP] Copy Pods Resources";
			outputPaths = (
				"${TARGET_BUILD_DIR}/${UNLOCALIZED_RESOURCES_FOLDER_PATH}/GoogleMaps.bundle",
			);
			runOnlyForDeploymentPostprocessing = 0;
			shellPath = /bin/sh;
			shellScript = "\"${PODS_ROOT}/Target Support Files/Pods-StreetClues/Pods-StreetClues-resources.sh\"\n";
			showEnvVarsInLog = 0;
		};
		FD4C38642228810C00325AF5 /* Start Packager */ = {
			isa = PBXShellScriptBuildPhase;
			buildActionMask = 2147483647;
			files = (
			);
			inputFileListPaths = (
			);
			inputPaths = (
			);
			name = "Start Packager";
			outputFileListPaths = (
			);
			outputPaths = (
			);
			runOnlyForDeploymentPostprocessing = 0;
			shellPath = /bin/sh;
			shellScript = "export RCT_METRO_PORT=\"${RCT_METRO_PORT:=8081}\"\necho \"export RCT_METRO_PORT=${RCT_METRO_PORT}\" > \"${SRCROOT}/../node_modules/react-native/scripts/.packager.env\"\nif [ -z \"${RCT_NO_LAUNCH_PACKAGER+xxx}\" ] ; then\n  if nc -w 5 -z localhost ${RCT_METRO_PORT} ; then\n    if ! curl -s \"http://localhost:${RCT_METRO_PORT}/status\" | grep -q \"packager-status:running\" ; then\n      echo \"Port ${RCT_METRO_PORT} already in use, packager is either not running or not running correctly\"\n      exit 2\n    fi\n  else\n    open \"$SRCROOT/../node_modules/react-native/scripts/launchPackager.command\" || echo \"Can't start packager automatically\"\n  fi\nfi\n";
			showEnvVarsInLog = 0;
		};
/* End PBXShellScriptBuildPhase section */

/* Begin PBXSourcesBuildPhase section */
		13B07F871A680F5B00A75B9A /* Sources */ = {
			isa = PBXSourcesBuildPhase;
			buildActionMask = 2147483647;
			files = (
				13B07FBC1A68108700A75B9A /* AppDelegate.m in Sources */,
				13B07FC11A68108700A75B9A /* main.m in Sources */,
			);
			runOnlyForDeploymentPostprocessing = 0;
		};
/* End PBXSourcesBuildPhase section */

/* Begin PBXVariantGroup section */
		13B07FB11A68108700A75B9A /* LaunchScreen.xib */ = {
			isa = PBXVariantGroup;
			children = (
				13B07FB21A68108700A75B9A /* Base */,
			);
			name = LaunchScreen.xib;
			path = test3and;
			sourceTree = "<group>";
		};
/* End PBXVariantGroup section */

/* Begin XCBuildConfiguration section */
		13B07F941A680F5B00A75B9A /* Debug */ = {
			isa = XCBuildConfiguration;
			baseConfigurationReference = 6240E888785A3486B09C433F /* Pods-StreetClues.debug.xcconfig */;
			buildSettings = {
				ASSETCATALOG_COMPILER_APPICON_NAME = AppIcon;
				CURRENT_PROJECT_VERSION = 2;
				DEAD_CODE_STRIPPING = NO;
				DEVELOPMENT_TEAM = F7GJHC3FUD;
				INFOPLIST_FILE = test3and/Info.plist;
				LD_RUNPATH_SEARCH_PATHS = "$(inherited) @executable_path/Frameworks";
				MARKETING_VERSION = 1.0;
				OTHER_LDFLAGS = (
					"$(inherited)",
					"-ObjC",
					"-lc++",
				);
				PRODUCT_BUNDLE_IDENTIFIER = "org.reactjs.native.example.$(PRODUCT_NAME:rfc1034identifier)";
				PRODUCT_NAME = StreetClues;
				VERSIONING_SYSTEM = "apple-generic";
			};
			name = Debug;
		};
		13B07F951A680F5B00A75B9A /* Release */ = {
			isa = XCBuildConfiguration;
			baseConfigurationReference = 84300C95557465C73AEF7857 /* Pods-StreetClues.release.xcconfig */;
			buildSettings = {
				ASSETCATALOG_COMPILER_APPICON_NAME = AppIcon;
				CURRENT_PROJECT_VERSION = 2;
				DEVELOPMENT_TEAM = F7GJHC3FUD;
				INFOPLIST_FILE = test3and/Info.plist;
				LD_RUNPATH_SEARCH_PATHS = "$(inherited) @executable_path/Frameworks";
				MARKETING_VERSION = 1.0;
				OTHER_LDFLAGS = (
					"$(inherited)",
					"-ObjC",
					"-lc++",
				);
				PRODUCT_BUNDLE_IDENTIFIER = "org.reactjs.native.example.$(PRODUCT_NAME:rfc1034identifier)";
				PRODUCT_NAME = StreetClues;
				VERSIONING_SYSTEM = "apple-generic";
			};
			name = Release;
		};
		83CBBA201A601CBA00E9B192 /* Debug */ = {
			isa = XCBuildConfiguration;
			buildSettings = {
				ALWAYS_SEARCH_USER_PATHS = NO;
				CLANG_CXX_LANGUAGE_STANDARD = "gnu++0x";
				CLANG_CXX_LIBRARY = "libc++";
				CLANG_ENABLE_MODULES = YES;
				CLANG_ENABLE_OBJC_ARC = YES;
				CLANG_WARN_BLOCK_CAPTURE_AUTORELEASING = YES;
				CLANG_WARN_BOOL_CONVERSION = YES;
				CLANG_WARN_COMMA = YES;
				CLANG_WARN_CONSTANT_CONVERSION = YES;
				CLANG_WARN_DEPRECATED_OBJC_IMPLEMENTATIONS = YES;
				CLANG_WARN_DIRECT_OBJC_ISA_USAGE = YES_ERROR;
				CLANG_WARN_EMPTY_BODY = YES;
				CLANG_WARN_ENUM_CONVERSION = YES;
				CLANG_WARN_INFINITE_RECURSION = YES;
				CLANG_WARN_INT_CONVERSION = YES;
				CLANG_WARN_NON_LITERAL_NULL_CONVERSION = YES;
				CLANG_WARN_OBJC_IMPLICIT_RETAIN_SELF = YES;
				CLANG_WARN_OBJC_LITERAL_CONVERSION = YES;
				CLANG_WARN_OBJC_ROOT_CLASS = YES_ERROR;
				CLANG_WARN_RANGE_LOOP_ANALYSIS = YES;
				CLANG_WARN_STRICT_PROTOTYPES = YES;
				CLANG_WARN_SUSPICIOUS_MOVE = YES;
				CLANG_WARN_UNREACHABLE_CODE = YES;
				CLANG_WARN__DUPLICATE_METHOD_MATCH = YES;
				"CODE_SIGN_IDENTITY[sdk=iphoneos*]" = "iPhone Developer";
				COPY_PHASE_STRIP = NO;
				ENABLE_STRICT_OBJC_MSGSEND = YES;
				ENABLE_TESTABILITY = YES;
				GCC_C_LANGUAGE_STANDARD = gnu99;
				GCC_DYNAMIC_NO_PIC = NO;
				GCC_NO_COMMON_BLOCKS = YES;
				GCC_OPTIMIZATION_LEVEL = 0;
				GCC_PREPROCESSOR_DEFINITIONS = (
					"DEBUG=1",
					"$(inherited)",
				);
				GCC_SYMBOLS_PRIVATE_EXTERN = NO;
				GCC_WARN_64_TO_32_BIT_CONVERSION = YES;
				GCC_WARN_ABOUT_RETURN_TYPE = YES_ERROR;
				GCC_WARN_UNDECLARED_SELECTOR = YES;
				GCC_WARN_UNINITIALIZED_AUTOS = YES_AGGRESSIVE;
				GCC_WARN_UNUSED_FUNCTION = YES;
				GCC_WARN_UNUSED_VARIABLE = YES;
				IPHONEOS_DEPLOYMENT_TARGET = 9.0;
				MTL_ENABLE_DEBUG_INFO = YES;
				ONLY_ACTIVE_ARCH = YES;
				SDKROOT = iphoneos;
			};
			name = Debug;
		};
		83CBBA211A601CBA00E9B192 /* Release */ = {
			isa = XCBuildConfiguration;
			buildSettings = {
				ALWAYS_SEARCH_USER_PATHS = NO;
				CLANG_CXX_LANGUAGE_STANDARD = "gnu++0x";
				CLANG_CXX_LIBRARY = "libc++";
				CLANG_ENABLE_MODULES = YES;
				CLANG_ENABLE_OBJC_ARC = YES;
				CLANG_WARN_BLOCK_CAPTURE_AUTORELEASING = YES;
				CLANG_WARN_BOOL_CONVERSION = YES;
				CLANG_WARN_COMMA = YES;
				CLANG_WARN_CONSTANT_CONVERSION = YES;
				CLANG_WARN_DEPRECATED_OBJC_IMPLEMENTATIONS = YES;
				CLANG_WARN_DIRECT_OBJC_ISA_USAGE = YES_ERROR;
				CLANG_WARN_EMPTY_BODY = YES;
				CLANG_WARN_ENUM_CONVERSION = YES;
				CLANG_WARN_INFINITE_RECURSION = YES;
				CLANG_WARN_INT_CONVERSION = YES;
				CLANG_WARN_NON_LITERAL_NULL_CONVERSION = YES;
				CLANG_WARN_OBJC_IMPLICIT_RETAIN_SELF = YES;
				CLANG_WARN_OBJC_LITERAL_CONVERSION = YES;
				CLANG_WARN_OBJC_ROOT_CLASS = YES_ERROR;
				CLANG_WARN_RANGE_LOOP_ANALYSIS = YES;
				CLANG_WARN_STRICT_PROTOTYPES = YES;
				CLANG_WARN_SUSPICIOUS_MOVE = YES;
				CLANG_WARN_UNREACHABLE_CODE = YES;
				CLANG_WARN__DUPLICATE_METHOD_MATCH = YES;
				"CODE_SIGN_IDENTITY[sdk=iphoneos*]" = "iPhone Developer";
				COPY_PHASE_STRIP = YES;
				ENABLE_NS_ASSERTIONS = NO;
				ENABLE_STRICT_OBJC_MSGSEND = YES;
				GCC_C_LANGUAGE_STANDARD = gnu99;
				GCC_NO_COMMON_BLOCKS = YES;
				GCC_WARN_64_TO_32_BIT_CONVERSION = YES;
				GCC_WARN_ABOUT_RETURN_TYPE = YES_ERROR;
				GCC_WARN_UNDECLARED_SELECTOR = YES;
				GCC_WARN_UNINITIALIZED_AUTOS = YES_AGGRESSIVE;
				GCC_WARN_UNUSED_FUNCTION = YES;
				GCC_WARN_UNUSED_VARIABLE = YES;
				IPHONEOS_DEPLOYMENT_TARGET = 9.0;
				MTL_ENABLE_DEBUG_INFO = NO;
				SDKROOT = iphoneos;
				VALIDATE_PRODUCT = YES;
			};
			name = Release;
		};
/* End XCBuildConfiguration section */

/* Begin XCConfigurationList section */
		13B07F931A680F5B00A75B9A /* Build configuration list for PBXNativeTarget "StreetClues" */ = {
			isa = XCConfigurationList;
			buildConfigurations = (
				13B07F941A680F5B00A75B9A /* Debug */,
				13B07F951A680F5B00A75B9A /* Release */,
			);
			defaultConfigurationIsVisible = 0;
			defaultConfigurationName = Release;
		};
		83CBB9FA1A601CBA00E9B192 /* Build configuration list for PBXProject "StreetClues" */ = {
			isa = XCConfigurationList;
			buildConfigurations = (
				83CBBA201A601CBA00E9B192 /* Debug */,
				83CBBA211A601CBA00E9B192 /* Release */,
			);
			defaultConfigurationIsVisible = 0;
			defaultConfigurationName = Release;
		};
/* End XCConfigurationList section */
	};
	rootObject = 83CBB9F71A601CBA00E9B192 /* Project object */;
}
